{
  "name": "targetedcontent",
  "version": "1.0.0",
  "lockfileVersion": 3,
  "requires": true,
  "packages": {
    "": {
      "name": "targetedcontent",
      "version": "1.0.0",
      "dependencies": {
        "orangeslice": "^2.6.0"
      }
    },
    "node_modules/orangeslice": {
      "version": "2.6.0",
      "resolved": "https://registry.npmjs.org/orangeslice/-/orangeslice-2.6.0.tgz",
      "integrity": "sha512-cIN6HgeAzlgEyDl0vkrCJaDrtdnn2LMYZh4aPkkpPp4aMNon3xeoLpbH9rFp1tz532I0GiqS11thz5N7kvLz1g==",
      "license": "MIT",
      "bin": {
        "orangeslice": "dist/cli.js"
      }
    }
  }
}
